{
    "_readme": [
        "This file locks the dependencies of your project to a known state",
        "Read more about it at https://getcomposer.org/doc/01-basic-usage.md#composer-lock-the-lock-file",
        "This file is @generated automatically"
    ],
    "content-hash": "f71ea369c0d728ea9ed860971be7008b",
    "packages": [
        {
            "name": "phpmv/ubiquity",
            "version": "dev-master",
            "source": {
                "type": "git",
                "url": "https://github.com/phpMv/ubiquity.git",
                "reference": "6cda6ddc04cfb1cc776000a34fe1c9f22ba26af8"
            },
            "dist": {
                "type": "zip",
                "url": "https://api.github.com/repos/phpMv/ubiquity/zipball/6cda6ddc04cfb1cc776000a34fe1c9f22ba26af8",
                "reference": "6cda6ddc04cfb1cc776000a34fe1c9f22ba26af8",
                "shasum": ""
            },
            "require": {
                "php": ">7.0"
            },
            "require-dev": {
                "phpmv/ubiquity-codeception": "^1.0",
                "phpmv/ubiquity-devtools": "dev-master"
            },
            "type": "framework",
            "extra": {
                "branch-alias": {
                    "dev-master": "2.2.x-dev"
                }
            },
            "autoload": {
                "psr-4": {
                    "Ubiquity\\": "src/Ubiquity/"
                }
            },
            "notification-url": "https://packagist.org/downloads/",
            "license": [
                "Apache-2.0"
            ],
            "authors": [
                {
                    "name": "Jean-Christophe HERON",
                    "email": "myaddressmail@gmail.com",
                    "role": "Lead developer"
                }
            ],
            "description": "Ubiquity-framework",
            "keywords": [
                "framework",
                "mvc",
                "orm",
                "php"
            ],
            "time": "2019-06-23T23:52:33+00:00"
        }
    ],
    "packages-dev": [
        {
            "name": "frameworks/jquery",
            "version": "2.1.4",
            "source": {
                "type": "git",
                "url": "https://github.com/frameworks/jquery.git",
                "reference": "ef9c4fe9fcb23914bba6ec6d32c556e4a38a0fd9"
            },
            "dist": {
                "type": "zip",
                "url": "https://api.github.com/repos/frameworks/jquery/zipball/ef9c4fe9fcb23914bba6ec6d32c556e4a38a0fd9",
                "reference": "ef9c4fe9fcb23914bba6ec6d32c556e4a38a0fd9",
                "shasum": ""
            },
            "type": "library",
            "notification-url": "https://packagist.org/downloads/",
            "license": [
                "MIT"
            ],
            "description": "jQuery JavaScript Library",
            "homepage": "http://jquery.com",
            "time": "2015-10-09T00:55:51+00:00"
        },
        {
            "name": "phpmv/php-mv-ui",
            "version": "2.2.14",
            "source": {
                "type": "git",
                "url": "https://github.com/phpMv/phpMv-UI.git",
                "reference": "134d55bf7d7cc29cb5057b63353349f6ea7caf48"
            },
            "dist": {
                "type": "zip",
                "url": "https://api.github.com/repos/phpMv/phpMv-UI/zipball/134d55bf7d7cc29cb5057b63353349f6ea7caf48",
                "reference": "134d55bf7d7cc29cb5057b63353349f6ea7caf48",
                "shasum": ""
            },
            "require": {
                "frameworks/jquery": "~2.1",
                "php": ">5.3.9"
            },
            "suggest": {
                "components/jqueryui": "~1.11",
                "semantic/ui": "~2.2.1",
                "twitter/bootstrap": "~3.3"
            },
            "type": "phpmv-ui",
            "extra": {
                "branch-alias": {
                    "dev-master": "2.3.x-dev"
                }
            },
            "autoload": {
                "psr-4": {
                    "Ajax\\": "Ajax/"
                }
            },
            "notification-url": "https://packagist.org/downloads/",
            "license": [
                "Apache-2.0"
            ],
            "authors": [
                {
                    "name": "Jean-Christophe HERON",
                    "email": "myaddressmail@gmail.com",
                    "role": "Developer"
                }
            ],
            "description": "A JQuery and UI library for php and php MVC frameworks",
            "keywords": [
                "codeigniter",
                "framework",
                "jQuery UI",
                "jquery",
                "laravel",
                "phalcon",
                "php",
                "semantic ui",
                "symfony",
                "twitter bootstrap",
                "yii"
            ],
            "time": "2019-06-23T01:54:22+00:00"
        }
    ],
    "aliases": [],
    "minimum-stability": "stable",
    "stability-flags": {
        "phpmv/ubiquity": 20
    },
    "prefer-stable": false,
    "prefer-lowest": false,
    "platform": {
        "php": ">7.0"
    },
    "platform-dev": []
}
